
Microsoft Visual Studio Solution File, Format Version 12.00
# Visual Studio Version 17
VisualStudioVersion = 17.11.35312.102
MinimumVisualStudioVersion = 10.0.40219.1
Project("{FAE04EC0-301F-11D3-BF4B-00C04F79EFBC}") = "DecoratorPattern", "DecoratorPattern\DecoratorPattern.csproj", "{08E8C45E-1976-4DAC-ACCA-857E03915279}"
EndProject
Global
	GlobalSection(SolutionConfigurationPlatforms) = preSolution
		Debug|Any CPU = Debug|Any CPU
		Release|Any CPU = Release|Any CPU
	EndGlobalSection
	GlobalSection(ProjectConfigurationPlatforms) = postSolution
		{08E8C45E-1976-4DAC-ACCA-857E03915279}.Debug|Any CPU.ActiveCfg = Debug|Any CPU
		{08E8C45E-1976-4DAC-ACCA-857E03915279}.Debug|Any CPU.Build.0 = Debug|Any CPU
		{08E8C45E-1976-4DAC-ACCA-857E03915279}.Release|Any CPU.ActiveCfg = Release|Any CPU
		{08E8C45E-1976-4DAC-ACCA-857E03915279}.Release|Any CPU.Build.0 = Release|Any CPU
	EndGlobalSection
	GlobalSection(SolutionProperties) = preSolution
		HideSolutionNode = FALSE
	EndGlobalSection
	GlobalSection(ExtensibilityGlobals) = postSolution
		SolutionGuid = {685EEA67-18B2-4588-B28F-A0B8BD3A7489}
	EndGlobalSection
EndGlobal
