
Microsoft Visual Studio Solution File, Format Version 12.00
# Visual Studio Version 17
VisualStudioVersion = 17.11.35312.102
MinimumVisualStudioVersion = 10.0.40219.1
Project("{9A19103F-16F7-4668-BE54-9A1E7A4F7556}") = "DecoratorPattern", "DecoratorPattern\DecoratorPattern.csproj", "{08E8C45E-1976-4DAC-ACCA-857E03915279}"
EndProject
Project("{9A19103F-16F7-4668-BE54-9A1E7A4F7556}") = "FactoryMethod", "FactoryMethod\FactoryMethod.csproj", "{5B1881DD-1063-4E16-9528-FEE313C0FD81}"
EndProject
Project("{9A19103F-16F7-4668-BE54-9A1E7A4F7556}") = "FactoryMethod2", "FactoryMethod2\FactoryMethod2.csproj", "{70DF3CA2-41F9-4A28-A756-D2602911694B}"
EndProject
Project("{FAE04EC0-301F-11D3-BF4B-00C04F79EFBC}") = "StatePattern", "StatePattern\StatePattern.csproj", "{86AA67AC-69DD-44E3-A494-08C88A34E66C}"
EndProject
Global
	GlobalSection(SolutionConfigurationPlatforms) = preSolution
		Debug|Any CPU = Debug|Any CPU
		Release|Any CPU = Release|Any CPU
	EndGlobalSection
	GlobalSection(ProjectConfigurationPlatforms) = postSolution
		{08E8C45E-1976-4DAC-ACCA-857E03915279}.Debug|Any CPU.ActiveCfg = Debug|Any CPU
		{08E8C45E-1976-4DAC-ACCA-857E03915279}.Debug|Any CPU.Build.0 = Debug|Any CPU
		{08E8C45E-1976-4DAC-ACCA-857E03915279}.Release|Any CPU.ActiveCfg = Release|Any CPU
		{08E8C45E-1976-4DAC-ACCA-857E03915279}.Release|Any CPU.Build.0 = Release|Any CPU
		{5B1881DD-1063-4E16-9528-FEE313C0FD81}.Debug|Any CPU.ActiveCfg = Debug|Any CPU
		{5B1881DD-1063-4E16-9528-FEE313C0FD81}.Debug|Any CPU.Build.0 = Debug|Any CPU
		{5B1881DD-1063-4E16-9528-FEE313C0FD81}.Release|Any CPU.ActiveCfg = Release|Any CPU
		{5B1881DD-1063-4E16-9528-FEE313C0FD81}.Release|Any CPU.Build.0 = Release|Any CPU
		{70DF3CA2-41F9-4A28-A756-D2602911694B}.Debug|Any CPU.ActiveCfg = Debug|Any CPU
		{70DF3CA2-41F9-4A28-A756-D2602911694B}.Debug|Any CPU.Build.0 = Debug|Any CPU
		{70DF3CA2-41F9-4A28-A756-D2602911694B}.Release|Any CPU.ActiveCfg = Release|Any CPU
		{70DF3CA2-41F9-4A28-A756-D2602911694B}.Release|Any CPU.Build.0 = Release|Any CPU
		{86AA67AC-69DD-44E3-A494-08C88A34E66C}.Debug|Any CPU.ActiveCfg = Debug|Any CPU
		{86AA67AC-69DD-44E3-A494-08C88A34E66C}.Debug|Any CPU.Build.0 = Debug|Any CPU
		{86AA67AC-69DD-44E3-A494-08C88A34E66C}.Release|Any CPU.ActiveCfg = Release|Any CPU
		{86AA67AC-69DD-44E3-A494-08C88A34E66C}.Release|Any CPU.Build.0 = Release|Any CPU
	EndGlobalSection
	GlobalSection(SolutionProperties) = preSolution
		HideSolutionNode = FALSE
	EndGlobalSection
	GlobalSection(ExtensibilityGlobals) = postSolution
		SolutionGuid = {685EEA67-18B2-4588-B28F-A0B8BD3A7489}
	EndGlobalSection
EndGlobal
